// !$*UTF8*$!
{
	archiveVersion = 1;
	classes = {
	};
	objectVersion = 50;
	objects = {

/* Begin PBXBuildFile section */
		439C1D5C292015DB003A1BA8 /* TimberApp.swift in Sources */ = {isa = PBXBuildFile; fileRef = 439C1D5B292015DB003A1BA8 /* TimberApp.swift */; };
		439C1D5E292015DB003A1BA8 /* ContentView.swift in Sources */ = {isa = PBXBuildFile; fileRef = 439C1D5D292015DB003A1BA8 /* ContentView.swift */; };
		439C1D60292015E4003A1BA8 /* Assets.xcassets in Resources */ = {isa = PBXBuildFile; fileRef = 439C1D5F292015E4003A1BA8 /* Assets.xcassets */; };
		439C1D63292015E4003A1BA8 /* Preview Assets.xcassets in Resources */ = {isa = PBXBuildFile; fileRef = 439C1D62292015E4003A1BA8 /* Preview Assets.xcassets */; };
		439C1D6C29203E19003A1BA8 /* MenuView.swift in Sources */ = {isa = PBXBuildFile; fileRef = 439C1D6B29203E19003A1BA8 /* MenuView.swift */; };
		43BD0F752920F65900232202 /* Food.swift in Sources */ = {isa = PBXBuildFile; fileRef = 43BD0F742920F65900232202 /* Food.swift */; };
		43BD0F792921253700232202 /* FoodRow.swift in Sources */ = {isa = PBXBuildFile; fileRef = 43BD0F782921253700232202 /* FoodRow.swift */; };
		43BD0F7F2921502500232202 /* ReservationView.swift in Sources */ = {isa = PBXBuildFile; fileRef = 43BD0F7E2921502500232202 /* ReservationView.swift */; };
		43BD0F8B29217F2C00232202 /* CaviarDreams.ttf in Resources */ = {isa = PBXBuildFile; fileRef = 43BD0F8A29217F2C00232202 /* CaviarDreams.ttf */; };
		4B8A122729228C1B00F8CB14 /* MapView.swift in Sources */ = {isa = PBXBuildFile; fileRef = 4B8A122629228C1B00F8CB14 /* MapView.swift */; };
/* End PBXBuildFile section */

/* Begin PBXFileReference section */
		439C1D58292015DA003A1BA8 /* Timber.app */ = {isa = PBXFileReference; explicitFileType = wrapper.application; includeInIndex = 0; path = Timber.app; sourceTree = BUILT_PRODUCTS_DIR; };
		439C1D5B292015DB003A1BA8 /* TimberApp.swift */ = {isa = PBXFileReference; lastKnownFileType = sourcecode.swift; path = TimberApp.swift; sourceTree = "<group>"; };
		439C1D5D292015DB003A1BA8 /* ContentView.swift */ = {isa = PBXFileReference; lastKnownFileType = sourcecode.swift; path = ContentView.swift; sourceTree = "<group>"; };
		439C1D5F292015E4003A1BA8 /* Assets.xcassets */ = {isa = PBXFileReference; lastKnownFileType = folder.assetcatalog; path = Assets.xcassets; sourceTree = "<group>"; };
		439C1D62292015E4003A1BA8 /* Preview Assets.xcassets */ = {isa = PBXFileReference; lastKnownFileType = folder.assetcatalog; path = "Preview Assets.xcassets"; sourceTree = "<group>"; };
		439C1D64292015E4003A1BA8 /* Info.plist */ = {isa = PBXFileReference; lastKnownFileType = text.plist.xml; path = Info.plist; sourceTree = "<group>"; };
		439C1D6B29203E19003A1BA8 /* MenuView.swift */ = {isa = PBXFileReference; lastKnownFileType = sourcecode.swift; path = MenuView.swift; sourceTree = "<group>"; };
		43BD0F742920F65900232202 /* Food.swift */ = {isa = PBXFileReference; lastKnownFileType = sourcecode.swift; path = Food.swift; sourceTree = "<group>"; };
		43BD0F782921253700232202 /* FoodRow.swift */ = {isa = PBXFileReference; lastKnownFileType = sourcecode.swift; path = FoodRow.swift; sourceTree = "<group>"; };
		43BD0F7E2921502500232202 /* ReservationView.swift */ = {isa = PBXFileReference; lastKnownFileType = sourcecode.swift; path = ReservationView.swift; sourceTree = "<group>"; };
		43BD0F8A29217F2C00232202 /* CaviarDreams.ttf */ = {isa = PBXFileReference; lastKnownFileType = file; path = CaviarDreams.ttf; sourceTree = "<group>"; };
		4B8A122629228C1B00F8CB14 /* MapView.swift */ = {isa = PBXFileReference; lastKnownFileType = sourcecode.swift; path = MapView.swift; sourceTree = "<group>"; };
/* End PBXFileReference section */

/* Begin PBXFrameworksBuildPhase section */
		439C1D55292015DA003A1BA8 /* Frameworks */ = {
			isa = PBXFrameworksBuildPhase;
			buildActionMask = 2147483647;
			files = (
			);
			runOnlyForDeploymentPostprocessing = 0;
		};
/* End PBXFrameworksBuildPhase section */

/* Begin PBXGroup section */
		439C1D4F292015DA003A1BA8 = {
			isa = PBXGroup;
			children = (
				439C1D5A292015DA003A1BA8 /* Timber */,
				439C1D59292015DA003A1BA8 /* Products */,
			);
			sourceTree = "<group>";
		};
		439C1D59292015DA003A1BA8 /* Products */ = {
			isa = PBXGroup;
			children = (
				439C1D58292015DA003A1BA8 /* Timber.app */,
			);
			name = Products;
			sourceTree = "<group>";
		};
		439C1D5A292015DA003A1BA8 /* Timber */ = {
			isa = PBXGroup;
			children = (
				43BD0F8A29217F2C00232202 /* CaviarDreams.ttf */,
				439C1D5B292015DB003A1BA8 /* TimberApp.swift */,
				439C1D5D292015DB003A1BA8 /* ContentView.swift */,
				43BD0F7E2921502500232202 /* ReservationView.swift */,
				43BD0F742920F65900232202 /* Food.swift */,
				43BD0F782921253700232202 /* FoodRow.swift */,
				439C1D6B29203E19003A1BA8 /* MenuView.swift */,
				4B8A122629228C1B00F8CB14 /* MapView.swift */,
				439C1D5F292015E4003A1BA8 /* Assets.xcassets */,
				439C1D64292015E4003A1BA8 /* Info.plist */,
				439C1D61292015E4003A1BA8 /* Preview Content */,
			);
			path = Timber;
			sourceTree = "<group>";
		};
		439C1D61292015E4003A1BA8 /* Preview Content */ = {
			isa = PBXGroup;
			children = (
				439C1D62292015E4003A1BA8 /* Preview Assets.xcassets */,
			);
			path = "Preview Content";
			sourceTree = "<group>";
		};
/* End PBXGroup section */

/* Begin PBXNativeTarget section */
		439C1D57292015DA003A1BA8 /* Timber */ = {
			isa = PBXNativeTarget;
			buildConfigurationList = 439C1D67292015E4003A1BA8 /* Build configuration list for PBXNativeTarget "Timber" */;
			buildPhases = (
				439C1D54292015DA003A1BA8 /* Sources */,
				439C1D55292015DA003A1BA8 /* Frameworks */,
				439C1D56292015DA003A1BA8 /* Resources */,
			);
			buildRules = (
			);
			dependencies = (
			);
			name = Timber;
			productName = Timber;
			productReference = 439C1D58292015DA003A1BA8 /* Timber.app */;
			productType = "com.apple.product-type.application";
		};
/* End PBXNativeTarget section */

/* Begin PBXProject section */
		439C1D50292015DA003A1BA8 /* Project object */ = {
			isa = PBXProject;
			attributes = {
				LastSwiftUpdateCheck = 1240;
				LastUpgradeCheck = 1240;
				TargetAttributes = {
					439C1D57292015DA003A1BA8 = {
						CreatedOnToolsVersion = 12.4;
					};
				};
			};
			buildConfigurationList = 439C1D53292015DA003A1BA8 /* Build configuration list for PBXProject "Timber" */;
			compatibilityVersion = "Xcode 9.3";
			developmentRegion = en;
			hasScannedForEncodings = 0;
			knownRegions = (
				en,
				Base,
			);
			mainGroup = 439C1D4F292015DA003A1BA8;
			productRefGroup = 439C1D59292015DA003A1BA8 /* Products */;
			projectDirPath = "";
			projectRoot = "";
			targets = (
				439C1D57292015DA003A1BA8 /* Timber */,
			);
		};
/* End PBXProject section */

/* Begin PBXResourcesBuildPhase section */
		439C1D56292015DA003A1BA8 /* Resources */ = {
			isa = PBXResourcesBuildPhase;
			buildActionMask = 2147483647;
			files = (
				439C1D63292015E4003A1BA8 /* Preview Assets.xcassets in Resources */,
				439C1D60292015E4003A1BA8 /* Assets.xcassets in Resources */,
				43BD0F8B29217F2C00232202 /* CaviarDreams.ttf in Resources */,
			);
			runOnlyForDeploymentPostprocessing = 0;
		};
/* End PBXResourcesBuildPhase section */

/* Begin PBXSourcesBuildPhase section */
		439C1D54292015DA003A1BA8 /* Sources */ = {
			isa = PBXSourcesBuildPhase;
			buildActionMask = 2147483647;
			files = (
				439C1D5E292015DB003A1BA8 /* ContentView.swift in Sources */,
				4B8A122729228C1B00F8CB14 /* MapView.swift in Sources */,
				43BD0F7F2921502500232202 /* ReservationView.swift in Sources */,
				439C1D6C29203E19003A1BA8 /* MenuView.swift in Sources */,
				43BD0F752920F65900232202 /* Food.swift in Sources */,
				43BD0F792921253700232202 /* FoodRow.swift in Sources */,
				439C1D5C292015DB003A1BA8 /* TimberApp.swift in Sources */,
			);
			runOnlyForDeploymentPostprocessing = 0;
		};
/* End PBXSourcesBuildPhase section */

/* Begin XCBuildConfiguration section */
		439C1D65292015E4003A1BA8 /* Debug */ = {
			isa = XCBuildConfiguration;
			buildSettings = {
				ALWAYS_SEARCH_USER_PATHS = NO;
				CLANG_ANALYZER_NONNULL = YES;
				CLANG_ANALYZER_NUMBER_OBJECT_CONVERSION = YES_AGGRESSIVE;
				CLANG_CXX_LANGUAGE_STANDARD = "gnu++14";
				CLANG_CXX_LIBRARY = "libc++";
				CLANG_ENABLE_MODULES = YES;
				CLANG_ENABLE_OBJC_ARC = YES;
				CLANG_ENABLE_OBJC_WEAK = YES;
				CLANG_WARN_BLOCK_CAPTURE_AUTORELEASING = YES;
				CLANG_WARN_BOOL_CONVERSION = YES;
				CLANG_WARN_COMMA = YES;
				CLANG_WARN_CONSTANT_CONVERSION = YES;
				CLANG_WARN_DEPRECATED_OBJC_IMPLEMENTATIONS = YES;
				CLANG_WARN_DIRECT_OBJC_ISA_USAGE = YES_ERROR;
				CLANG_WARN_DOCUMENTATION_COMMENTS = YES;
				CLANG_WARN_EMPTY_BODY = YES;
				CLANG_WARN_ENUM_CONVERSION = YES;
				CLANG_WARN_INFINITE_RECURSION = YES;
				CLANG_WARN_INT_CONVERSION = YES;
				CLANG_WARN_NON_LITERAL_NULL_CONVERSION = YES;
				CLANG_WARN_OBJC_IMPLICIT_RETAIN_SELF = YES;
				CLANG_WARN_OBJC_LITERAL_CONVERSION = YES;
				CLANG_WARN_OBJC_ROOT_CLASS = YES_ERROR;
				CLANG_WARN_QUOTED_INCLUDE_IN_FRAMEWORK_HEADER = YES;
				CLANG_WARN_RANGE_LOOP_ANALYSIS = YES;
				CLANG_WARN_STRICT_PROTOTYPES = YES;
				CLANG_WARN_SUSPICIOUS_MOVE = YES;
				CLANG_WARN_UNGUARDED_AVAILABILITY = YES_AGGRESSIVE;
				CLANG_WARN_UNREACHABLE_CODE = YES;
				CLANG_WARN__DUPLICATE_METHOD_MATCH = YES;
				COPY_PHASE_STRIP = NO;
				DEBUG_INFORMATION_FORMAT = dwarf;
				ENABLE_STRICT_OBJC_MSGSEND = YES;
				ENABLE_TESTABILITY = YES;
				GCC_C_LANGUAGE_STANDARD = gnu11;
				GCC_DYNAMIC_NO_PIC = NO;
				GCC_NO_COMMON_BLOCKS = YES;
				GCC_OPTIMIZATION_LEVEL = 0;
				GCC_PREPROCESSOR_DEFINITIONS = (
					"DEBUG=1",
					"$(inherited)",
				);
				GCC_WARN_64_TO_32_BIT_CONVERSION = YES;
				GCC_WARN_ABOUT_RETURN_TYPE = YES_ERROR;
				GCC_WARN_UNDECLARED_SELECTOR = YES;
				GCC_WARN_UNINITIALIZED_AUTOS = YES_AGGRESSIVE;
				GCC_WARN_UNUSED_FUNCTION = YES;
				GCC_WARN_UNUSED_VARIABLE = YES;
				IPHONEOS_DEPLOYMENT_TARGET = 14.4;
				MTL_ENABLE_DEBUG_INFO = INCLUDE_SOURCE;
				MTL_FAST_MATH = YES;
				ONLY_ACTIVE_ARCH = YES;
				SDKROOT = iphoneos;
				SWIFT_ACTIVE_COMPILATION_CONDITIONS = DEBUG;
				SWIFT_OPTIMIZATION_LEVEL = "-Onone";
			};
			name = Debug;
		};
		439C1D66292015E4003A1BA8 /* Release */ = {
			isa = XCBuildConfiguration;
			buildSettings = {
				ALWAYS_SEARCH_USER_PATHS = NO;
				CLANG_ANALYZER_NONNULL = YES;
				CLANG_ANALYZER_NUMBER_OBJECT_CONVERSION = YES_AGGRESSIVE;
				CLANG_CXX_LANGUAGE_STANDARD = "gnu++14";
				CLANG_CXX_LIBRARY = "libc++";
				CLANG_ENABLE_MODULES = YES;
				CLANG_ENABLE_OBJC_ARC = YES;
				CLANG_ENABLE_OBJC_WEAK = YES;
				CLANG_WARN_BLOCK_CAPTURE_AUTORELEASING = YES;
				CLANG_WARN_BOOL_CONVERSION = YES;
				CLANG_WARN_COMMA = YES;
				CLANG_WARN_CONSTANT_CONVERSION = YES;
				CLANG_WARN_DEPRECATED_OBJC_IMPLEMENTATIONS = YES;
				CLANG_WARN_DIRECT_OBJC_ISA_USAGE = YES_ERROR;
				CLANG_WARN_DOCUMENTATION_COMMENTS = YES;
				CLANG_WARN_EMPTY_BODY = YES;
				CLANG_WARN_ENUM_CONVERSION = YES;
				CLANG_WARN_INFINITE_RECURSION = YES;
				CLANG_WARN_INT_CONVERSION = YES;
				CLANG_WARN_NON_LITERAL_NULL_CONVERSION = YES;
				CLANG_WARN_OBJC_IMPLICIT_RETAIN_SELF = YES;
				CLANG_WARN_OBJC_LITERAL_CONVERSION = YES;
				CLANG_WARN_OBJC_ROOT_CLASS = YES_ERROR;
				CLANG_WARN_QUOTED_INCLUDE_IN_FRAMEWORK_HEADER = YES;
				CLANG_WARN_RANGE_LOOP_ANALYSIS = YES;
				CLANG_WARN_STRICT_PROTOTYPES = YES;
				CLANG_WARN_SUSPICIOUS_MOVE = YES;
				CLANG_WARN_UNGUARDED_AVAILABILITY = YES_AGGRESSIVE;
				CLANG_WARN_UNREACHABLE_CODE = YES;
				CLANG_WARN__DUPLICATE_METHOD_MATCH = YES;
				COPY_PHASE_STRIP = NO;
				DEBUG_INFORMATION_FORMAT = "dwarf-with-dsym";
				ENABLE_NS_ASSERTIONS = NO;
				ENABLE_STRICT_OBJC_MSGSEND = YES;
				GCC_C_LANGUAGE_STANDARD = gnu11;
				GCC_NO_COMMON_BLOCKS = YES;
				GCC_WARN_64_TO_32_BIT_CONVERSION = YES;
				GCC_WARN_ABOUT_RETURN_TYPE = YES_ERROR;
				GCC_WARN_UNDECLARED_SELECTOR = YES;
				GCC_WARN_UNINITIALIZED_AUTOS = YES_AGGRESSIVE;
				GCC_WARN_UNUSED_FUNCTION = YES;
				GCC_WARN_UNUSED_VARIABLE = YES;
				IPHONEOS_DEPLOYMENT_TARGET = 14.4;
				MTL_ENABLE_DEBUG_INFO = NO;
				MTL_FAST_MATH = YES;
				SDKROOT = iphoneos;
				SWIFT_COMPILATION_MODE = wholemodule;
				SWIFT_OPTIMIZATION_LEVEL = "-O";
				VALIDATE_PRODUCT = YES;
			};
			name = Release;
		};
		439C1D68292015E4003A1BA8 /* Debug */ = {
			isa = XCBuildConfiguration;
			buildSettings = {
				ASSETCATALOG_COMPILER_APPICON_NAME = AppIcon;
				ASSETCATALOG_COMPILER_GLOBAL_ACCENT_COLOR_NAME = AccentColor;
				CODE_SIGN_STYLE = Automatic;
				DEVELOPMENT_ASSET_PATHS = "\"Timber/Preview Content\"";
				ENABLE_PREVIEWS = YES;
				INFOPLIST_FILE = Timber/Info.plist;
				IPHONEOS_DEPLOYMENT_TARGET = 14.0;
				LD_RUNPATH_SEARCH_PATHS = (
					"$(inherited)",
					"@executable_path/Frameworks",
				);
				PRODUCT_BUNDLE_IDENTIFIER = ntou.Timber;
				PRODUCT_NAME = "$(TARGET_NAME)";
				SWIFT_VERSION = 5.0;
				TARGETED_DEVICE_FAMILY = "1,2";
			};
			name = Debug;
		};
		439C1D69292015E4003A1BA8 /* Release */ = {
			isa = XCBuildConfiguration;
			buildSettings = {
				ASSETCATALOG_COMPILER_APPICON_NAME = AppIcon;
				ASSETCATALOG_COMPILER_GLOBAL_ACCENT_COLOR_NAME = AccentColor;
				CODE_SIGN_STYLE = Automatic;
				DEVELOPMENT_ASSET_PATHS = "\"Timber/Preview Content\"";
				ENABLE_PREVIEWS = YES;
				INFOPLIST_FILE = Timber/Info.plist;
				IPHONEOS_DEPLOYMENT_TARGET = 14.0;
				LD_RUNPATH_SEARCH_PATHS = (
					"$(inherited)",
					"@executable_path/Frameworks",
				);
				PRODUCT_BUNDLE_IDENTIFIER = ntou.Timber;
				PRODUCT_NAME = "$(TARGET_NAME)";
				SWIFT_VERSION = 5.0;
				TARGETED_DEVICE_FAMILY = "1,2";
			};
			name = Release;
		};
/* End XCBuildConfiguration section */

/* Begin XCConfigurationList section */
		439C1D53292015DA003A1BA8 /* Build configuration list for PBXProject "Timber" */ = {
			isa = XCConfigurationList;
			buildConfigurations = (
				439C1D65292015E4003A1BA8 /* Debug */,
				439C1D66292015E4003A1BA8 /* Release */,
			);
			defaultConfigurationIsVisible = 0;
			defaultConfigurationName = Release;
		};
		439C1D67292015E4003A1BA8 /* Build configuration list for PBXNativeTarget "Timber" */ = {
			isa = XCConfigurationList;
			buildConfigurations = (
				439C1D68292015E4003A1BA8 /* Debug */,
				439C1D69292015E4003A1BA8 /* Release */,
			);
			defaultConfigurationIsVisible = 0;
			defaultConfigurationName = Release;
		};
/* End XCConfigurationList section */
	};
	rootObject = 439C1D50292015DA003A1BA8 /* Project object */;
}
